
Microsoft Visual Studio Solution File, Format Version 12.00
# Visual Studio 15
VisualStudioVersion = 15.0.27004.2006
MinimumVisualStudioVersion = 10.0.40219.1
Project("{FAE04EC0-301F-11D3-BF4B-00C04F79EFBC}") = "2nd_week", "2nd_week\2nd_week.csproj", "{9884F172-FCAE-4673-8BAE-6FEB108CB814}"
EndProject
Project("{FAE04EC0-301F-11D3-BF4B-00C04F79EFBC}") = "SequentialCollections", "SequentialCollections\SequentialCollections.csproj", "{C42D11E3-7422-4524-A529-25D477838684}"
EndProject
Project("{FAE04EC0-301F-11D3-BF4B-00C04F79EFBC}") = "DictionaryCollections", "DictionaryCollections\DictionaryCollections.csproj", "{18B832E1-F3E9-4B32-88FE-4C65D999469E}"
EndProject
Global
	GlobalSection(SolutionConfigurationPlatforms) = preSolution
		Debug|Any CPU = Debug|Any CPU
		Release|Any CPU = Release|Any CPU
	EndGlobalSection
	GlobalSection(ProjectConfigurationPlatforms) = postSolution
		{9884F172-FCAE-4673-8BAE-6FEB108CB814}.Debug|Any CPU.ActiveCfg = Debug|Any CPU
		{9884F172-FCAE-4673-8BAE-6FEB108CB814}.Debug|Any CPU.Build.0 = Debug|Any CPU
		{9884F172-FCAE-4673-8BAE-6FEB108CB814}.Release|Any CPU.ActiveCfg = Release|Any CPU
		{9884F172-FCAE-4673-8BAE-6FEB108CB814}.Release|Any CPU.Build.0 = Release|Any CPU
		{C42D11E3-7422-4524-A529-25D477838684}.Debug|Any CPU.ActiveCfg = Debug|Any CPU
		{C42D11E3-7422-4524-A529-25D477838684}.Debug|Any CPU.Build.0 = Debug|Any CPU
		{C42D11E3-7422-4524-A529-25D477838684}.Release|Any CPU.ActiveCfg = Release|Any CPU
		{C42D11E3-7422-4524-A529-25D477838684}.Release|Any CPU.Build.0 = Release|Any CPU
		{18B832E1-F3E9-4B32-88FE-4C65D999469E}.Debug|Any CPU.ActiveCfg = Debug|Any CPU
		{18B832E1-F3E9-4B32-88FE-4C65D999469E}.Debug|Any CPU.Build.0 = Debug|Any CPU
		{18B832E1-F3E9-4B32-88FE-4C65D999469E}.Release|Any CPU.ActiveCfg = Release|Any CPU
		{18B832E1-F3E9-4B32-88FE-4C65D999469E}.Release|Any CPU.Build.0 = Release|Any CPU
	EndGlobalSection
	GlobalSection(SolutionProperties) = preSolution
		HideSolutionNode = FALSE
	EndGlobalSection
	GlobalSection(ExtensibilityGlobals) = postSolution
		SolutionGuid = {03C1A03C-E22D-48C5-A0BD-FEDF10D3B886}
	EndGlobalSection
EndGlobal
